
Microsoft Visual Studio Solution File, Format Version 12.00
# Visual Studio Version 17
VisualStudioVersion = 17.5.002.0
MinimumVisualStudioVersion = 10.0.40219.1
Project("{9A19103F-16F7-4668-BE54-9A1E7A4F7556}") = "Iowa", "src\Iowa.csproj", "{C9D42578-A791-477E-888F-7F3C0784C0D7}"
EndProject
Project("{9A19103F-16F7-4668-BE54-9A1E7A4F7556}") = "Test", "test\Test.csproj", "{C572FB3E-BAA3-4F22-9621-931A1806230D}"
EndProject
Project("{FAE04EC0-301F-11D3-BF4B-00C04F79EFBC}") = "Provider", "provider\Provider.csproj", "{7310A55F-5642-0753-69B5-AD6F0503D185}"
EndProject
Global
	GlobalSection(SolutionConfigurationPlatforms) = preSolution
		Debug|Any CPU = Debug|Any CPU
		Release|Any CPU = Release|Any CPU
	EndGlobalSection
	GlobalSection(ProjectConfigurationPlatforms) = postSolution
		{C9D42578-A791-477E-888F-7F3C0784C0D7}.Debug|Any CPU.ActiveCfg = Debug|Any CPU
		{C9D42578-A791-477E-888F-7F3C0784C0D7}.Debug|Any CPU.Build.0 = Debug|Any CPU
		{C9D42578-A791-477E-888F-7F3C0784C0D7}.Release|Any CPU.ActiveCfg = Release|Any CPU
		{C9D42578-A791-477E-888F-7F3C0784C0D7}.Release|Any CPU.Build.0 = Release|Any CPU
		{C572FB3E-BAA3-4F22-9621-931A1806230D}.Debug|Any CPU.ActiveCfg = Debug|Any CPU
		{C572FB3E-BAA3-4F22-9621-931A1806230D}.Debug|Any CPU.Build.0 = Debug|Any CPU
		{C572FB3E-BAA3-4F22-9621-931A1806230D}.Release|Any CPU.ActiveCfg = Release|Any CPU
		{C572FB3E-BAA3-4F22-9621-931A1806230D}.Release|Any CPU.Build.0 = Release|Any CPU
		{7310A55F-5642-0753-69B5-AD6F0503D185}.Debug|Any CPU.ActiveCfg = Debug|Any CPU
		{7310A55F-5642-0753-69B5-AD6F0503D185}.Debug|Any CPU.Build.0 = Debug|Any CPU
		{7310A55F-5642-0753-69B5-AD6F0503D185}.Release|Any CPU.ActiveCfg = Release|Any CPU
		{7310A55F-5642-0753-69B5-AD6F0503D185}.Release|Any CPU.Build.0 = Release|Any CPU
	EndGlobalSection
	GlobalSection(SolutionProperties) = preSolution
		HideSolutionNode = FALSE
	EndGlobalSection
	GlobalSection(ExtensibilityGlobals) = postSolution
		SolutionGuid = {B9C3ACA0-15A4-4E02-97E2-C07F0DBDB514}
	EndGlobalSection
EndGlobal
